
Microsoft Visual Studio Solution File, Format Version 12.00
# Visual Studio Version 16
VisualStudioVersion = 16.0.31025.194
MinimumVisualStudioVersion = 10.0.40219.1
Project("{9A19103F-16F7-4668-BE54-9A1E7A4F7556}") = "MuscleCarRent", "MuscleCarRent\MuscleCarRent.csproj", "{421A5B89-915B-4492-A381-2A68BC933004}"
EndProject
Project("{9A19103F-16F7-4668-BE54-9A1E7A4F7556}") = "Pages", "Pages\Pages.csproj", "{5989034C-1FF7-4C6E-BBC8-B5E008683D70}"
EndProject
Project("{9A19103F-16F7-4668-BE54-9A1E7A4F7556}") = "Tests", "Tests\Tests.csproj", "{B26D0EB7-2306-4D19-A0F3-542E46032726}"
EndProject
Project("{FAE04EC0-301F-11D3-BF4B-00C04F79EFBC}") = "Aids", "Aids\Aids.csproj", "{F63CAADF-E6E7-4B4D-AB32-796BBC1DB3C0}"
EndProject
Project("{FAE04EC0-301F-11D3-BF4B-00C04F79EFBC}") = "Core", "Core\Core.csproj", "{D60EBAB1-1BD4-4C9F-8C33-8DB59A28FAAE}"
EndProject
Project("{FAE04EC0-301F-11D3-BF4B-00C04F79EFBC}") = "Data", "Data\Data.csproj", "{58DC9DA0-15C3-439E-B823-D3B2B6AEE404}"
EndProject
Project("{FAE04EC0-301F-11D3-BF4B-00C04F79EFBC}") = "Domain", "Domain\Domain.csproj", "{77034137-B8CE-47D8-9AEF-5B86A63BD9D6}"
EndProject
Project("{FAE04EC0-301F-11D3-BF4B-00C04F79EFBC}") = "Facade", "Facade\Facade.csproj", "{B88CB364-9A8F-4E36-AF05-37052882CB4A}"
EndProject
Project("{FAE04EC0-301F-11D3-BF4B-00C04F79EFBC}") = "Infra", "Infra\Infra.csproj", "{0582D859-562F-4F10-B4BE-D295F09089BE}"
EndProject
Global
	GlobalSection(SolutionConfigurationPlatforms) = preSolution
		Debug|Any CPU = Debug|Any CPU
		Release|Any CPU = Release|Any CPU
	EndGlobalSection
	GlobalSection(ProjectConfigurationPlatforms) = postSolution
		{421A5B89-915B-4492-A381-2A68BC933004}.Debug|Any CPU.ActiveCfg = Debug|Any CPU
		{421A5B89-915B-4492-A381-2A68BC933004}.Debug|Any CPU.Build.0 = Debug|Any CPU
		{421A5B89-915B-4492-A381-2A68BC933004}.Release|Any CPU.ActiveCfg = Release|Any CPU
		{421A5B89-915B-4492-A381-2A68BC933004}.Release|Any CPU.Build.0 = Release|Any CPU
		{5989034C-1FF7-4C6E-BBC8-B5E008683D70}.Debug|Any CPU.ActiveCfg = Debug|Any CPU
		{5989034C-1FF7-4C6E-BBC8-B5E008683D70}.Debug|Any CPU.Build.0 = Debug|Any CPU
		{5989034C-1FF7-4C6E-BBC8-B5E008683D70}.Release|Any CPU.ActiveCfg = Release|Any CPU
		{5989034C-1FF7-4C6E-BBC8-B5E008683D70}.Release|Any CPU.Build.0 = Release|Any CPU
		{B26D0EB7-2306-4D19-A0F3-542E46032726}.Debug|Any CPU.ActiveCfg = Debug|Any CPU
		{B26D0EB7-2306-4D19-A0F3-542E46032726}.Debug|Any CPU.Build.0 = Debug|Any CPU
		{B26D0EB7-2306-4D19-A0F3-542E46032726}.Release|Any CPU.ActiveCfg = Release|Any CPU
		{B26D0EB7-2306-4D19-A0F3-542E46032726}.Release|Any CPU.Build.0 = Release|Any CPU
		{F63CAADF-E6E7-4B4D-AB32-796BBC1DB3C0}.Debug|Any CPU.ActiveCfg = Debug|Any CPU
		{F63CAADF-E6E7-4B4D-AB32-796BBC1DB3C0}.Debug|Any CPU.Build.0 = Debug|Any CPU
		{F63CAADF-E6E7-4B4D-AB32-796BBC1DB3C0}.Release|Any CPU.ActiveCfg = Release|Any CPU
		{F63CAADF-E6E7-4B4D-AB32-796BBC1DB3C0}.Release|Any CPU.Build.0 = Release|Any CPU
		{D60EBAB1-1BD4-4C9F-8C33-8DB59A28FAAE}.Debug|Any CPU.ActiveCfg = Debug|Any CPU
		{D60EBAB1-1BD4-4C9F-8C33-8DB59A28FAAE}.Debug|Any CPU.Build.0 = Debug|Any CPU
		{D60EBAB1-1BD4-4C9F-8C33-8DB59A28FAAE}.Release|Any CPU.ActiveCfg = Release|Any CPU
		{D60EBAB1-1BD4-4C9F-8C33-8DB59A28FAAE}.Release|Any CPU.Build.0 = Release|Any CPU
		{58DC9DA0-15C3-439E-B823-D3B2B6AEE404}.Debug|Any CPU.ActiveCfg = Debug|Any CPU
		{58DC9DA0-15C3-439E-B823-D3B2B6AEE404}.Debug|Any CPU.Build.0 = Debug|Any CPU
		{58DC9DA0-15C3-439E-B823-D3B2B6AEE404}.Release|Any CPU.ActiveCfg = Release|Any CPU
		{58DC9DA0-15C3-439E-B823-D3B2B6AEE404}.Release|Any CPU.Build.0 = Release|Any CPU
		{77034137-B8CE-47D8-9AEF-5B86A63BD9D6}.Debug|Any CPU.ActiveCfg = Debug|Any CPU
		{77034137-B8CE-47D8-9AEF-5B86A63BD9D6}.Debug|Any CPU.Build.0 = Debug|Any CPU
		{77034137-B8CE-47D8-9AEF-5B86A63BD9D6}.Release|Any CPU.ActiveCfg = Release|Any CPU
		{77034137-B8CE-47D8-9AEF-5B86A63BD9D6}.Release|Any CPU.Build.0 = Release|Any CPU
		{B88CB364-9A8F-4E36-AF05-37052882CB4A}.Debug|Any CPU.ActiveCfg = Debug|Any CPU
		{B88CB364-9A8F-4E36-AF05-37052882CB4A}.Debug|Any CPU.Build.0 = Debug|Any CPU
		{B88CB364-9A8F-4E36-AF05-37052882CB4A}.Release|Any CPU.ActiveCfg = Release|Any CPU
		{B88CB364-9A8F-4E36-AF05-37052882CB4A}.Release|Any CPU.Build.0 = Release|Any CPU
		{0582D859-562F-4F10-B4BE-D295F09089BE}.Debug|Any CPU.ActiveCfg = Debug|Any CPU
		{0582D859-562F-4F10-B4BE-D295F09089BE}.Debug|Any CPU.Build.0 = Debug|Any CPU
		{0582D859-562F-4F10-B4BE-D295F09089BE}.Release|Any CPU.ActiveCfg = Release|Any CPU
		{0582D859-562F-4F10-B4BE-D295F09089BE}.Release|Any CPU.Build.0 = Release|Any CPU
	EndGlobalSection
	GlobalSection(SolutionProperties) = preSolution
		HideSolutionNode = FALSE
	EndGlobalSection
	GlobalSection(ExtensibilityGlobals) = postSolution
		SolutionGuid = {2063507F-E938-45E4-9A46-84C756ED1C8F}
	EndGlobalSection
EndGlobal
