
Microsoft Visual Studio Solution File, Format Version 12.00
# Visual Studio Version 16
VisualStudioVersion = 16.0.31025.194
MinimumVisualStudioVersion = 10.0.40219.1
Project("{9A19103F-16F7-4668-BE54-9A1E7A4F7556}") = "MuscleCarRent", "MuscleCarRent\MuscleCarRent.csproj", "{421A5B89-915B-4492-A381-2A68BC933004}"
EndProject
Project("{FAE04EC0-301F-11D3-BF4B-00C04F79EFBC}") = "ExtensionProject", "Extensions\ExtensionProject.csproj", "{5EFD71E9-E6F9-44CA-8F76-6305F6ADE808}"
EndProject
Global
	GlobalSection(SolutionConfigurationPlatforms) = preSolution
		Debug|Any CPU = Debug|Any CPU
		Release|Any CPU = Release|Any CPU
	EndGlobalSection
	GlobalSection(ProjectConfigurationPlatforms) = postSolution
		{421A5B89-915B-4492-A381-2A68BC933004}.Debug|Any CPU.ActiveCfg = Debug|Any CPU
		{421A5B89-915B-4492-A381-2A68BC933004}.Debug|Any CPU.Build.0 = Debug|Any CPU
		{421A5B89-915B-4492-A381-2A68BC933004}.Release|Any CPU.ActiveCfg = Release|Any CPU
		{421A5B89-915B-4492-A381-2A68BC933004}.Release|Any CPU.Build.0 = Release|Any CPU
		{5EFD71E9-E6F9-44CA-8F76-6305F6ADE808}.Debug|Any CPU.ActiveCfg = Debug|Any CPU
		{5EFD71E9-E6F9-44CA-8F76-6305F6ADE808}.Debug|Any CPU.Build.0 = Debug|Any CPU
		{5EFD71E9-E6F9-44CA-8F76-6305F6ADE808}.Release|Any CPU.ActiveCfg = Release|Any CPU
		{5EFD71E9-E6F9-44CA-8F76-6305F6ADE808}.Release|Any CPU.Build.0 = Release|Any CPU
	EndGlobalSection
	GlobalSection(SolutionProperties) = preSolution
		HideSolutionNode = FALSE
	EndGlobalSection
	GlobalSection(ExtensibilityGlobals) = postSolution
		SolutionGuid = {2063507F-E938-45E4-9A46-84C756ED1C8F}
	EndGlobalSection
EndGlobal
